
Microsoft Visual Studio Solution File, Format Version 12.00
# Visual Studio 15
VisualStudioVersion = 15.0.33026.149
MinimumVisualStudioVersion = 10.0.40219.1
Project("{FAE04EC0-301F-11D3-BF4B-00C04F79EFBC}") = "MVC_CRUD", "MVC_CRUD\MVC_CRUD.csproj", "{8DB279E6-3B5E-403C-BC1C-3C0FCB7E9507}"
EndProject
Global
	GlobalSection(SolutionConfigurationPlatforms) = preSolution
		Debug|Any CPU = Debug|Any CPU
		Release|Any CPU = Release|Any CPU
	EndGlobalSection
	GlobalSection(ProjectConfigurationPlatforms) = postSolution
		{8DB279E6-3B5E-403C-BC1C-3C0FCB7E9507}.Debug|Any CPU.ActiveCfg = Debug|Any CPU
		{8DB279E6-3B5E-403C-BC1C-3C0FCB7E9507}.Debug|Any CPU.Build.0 = Debug|Any CPU
		{8DB279E6-3B5E-403C-BC1C-3C0FCB7E9507}.Release|Any CPU.ActiveCfg = Release|Any CPU
		{8DB279E6-3B5E-403C-BC1C-3C0FCB7E9507}.Release|Any CPU.Build.0 = Release|Any CPU
	EndGlobalSection
	GlobalSection(SolutionProperties) = preSolution
		HideSolutionNode = FALSE
	EndGlobalSection
	GlobalSection(ExtensibilityGlobals) = postSolution
		SolutionGuid = {6F2343D3-2099-4D65-B0F8-9CF4BA5AFD90}
	EndGlobalSection
EndGlobal
